// !$*UTF8*$!
{
	archiveVersion = 1;
	classes = {
	};
	objectVersion = 55;
	objects = {

/* Begin PBXBuildFile section */
		DF1396D627E1E14D00A3CAB0 /* DetailsRegistrationViewController.swift in Sources */ = {isa = PBXBuildFile; fileRef = DF1396D527E1E14D00A3CAB0 /* DetailsRegistrationViewController.swift */; };
		DF7D9B1227D4BB960045D3FD /* AppDelegate.swift in Sources */ = {isa = PBXBuildFile; fileRef = DF7D9B1127D4BB960045D3FD /* AppDelegate.swift */; };
		DF7D9B1427D4BB960045D3FD /* SceneDelegate.swift in Sources */ = {isa = PBXBuildFile; fileRef = DF7D9B1327D4BB960045D3FD /* SceneDelegate.swift */; };
		DF7D9B1927D4BB960045D3FD /* Main.storyboard in Resources */ = {isa = PBXBuildFile; fileRef = DF7D9B1727D4BB960045D3FD /* Main.storyboard */; };
		DF7D9B1B27D4BB970045D3FD /* Assets.xcassets in Resources */ = {isa = PBXBuildFile; fileRef = DF7D9B1A27D4BB970045D3FD /* Assets.xcassets */; };
		DF7D9B1E27D4BB970045D3FD /* LaunchScreen.storyboard in Resources */ = {isa = PBXBuildFile; fileRef = DF7D9B1C27D4BB970045D3FD /* LaunchScreen.storyboard */; };
		DF7D9B2627D745C40045D3FD /* AddRegistrationTableViewController.swift in Sources */ = {isa = PBXBuildFile; fileRef = DF7D9B2527D745C40045D3FD /* AddRegistrationTableViewController.swift */; };
		DF7D9B2827DF3E090045D3FD /* Registration.swift in Sources */ = {isa = PBXBuildFile; fileRef = DF7D9B2727DF3E090045D3FD /* Registration.swift */; };
		DF7D9B2A27DF3ECF0045D3FD /* RoomType.swift in Sources */ = {isa = PBXBuildFile; fileRef = DF7D9B2927DF3ECF0045D3FD /* RoomType.swift */; };
		DF7D9B2C27DF40B70045D3FD /* SelectRoomTypeTableViewController.swift in Sources */ = {isa = PBXBuildFile; fileRef = DF7D9B2B27DF40B70045D3FD /* SelectRoomTypeTableViewController.swift */; };
		DF7D9B2E27E088470045D3FD /* RegistrationTableViewController.swift in Sources */ = {isa = PBXBuildFile; fileRef = DF7D9B2D27E088470045D3FD /* RegistrationTableViewController.swift */; };
/* End PBXBuildFile section */

/* Begin PBXFileReference section */
		DF1396D527E1E14D00A3CAB0 /* DetailsRegistrationViewController.swift */ = {isa = PBXFileReference; lastKnownFileType = sourcecode.swift; path = DetailsRegistrationViewController.swift; sourceTree = "<group>"; };
		DF7D9B0E27D4BB960045D3FD /* HotelManzana-Lab.app */ = {isa = PBXFileReference; explicitFileType = wrapper.application; includeInIndex = 0; path = "HotelManzana-Lab.app"; sourceTree = BUILT_PRODUCTS_DIR; };
		DF7D9B1127D4BB960045D3FD /* AppDelegate.swift */ = {isa = PBXFileReference; lastKnownFileType = sourcecode.swift; path = AppDelegate.swift; sourceTree = "<group>"; };
		DF7D9B1327D4BB960045D3FD /* SceneDelegate.swift */ = {isa = PBXFileReference; lastKnownFileType = sourcecode.swift; path = SceneDelegate.swift; sourceTree = "<group>"; };
		DF7D9B1827D4BB960045D3FD /* Base */ = {isa = PBXFileReference; lastKnownFileType = file.storyboard; name = Base; path = Base.lproj/Main.storyboard; sourceTree = "<group>"; };
		DF7D9B1A27D4BB970045D3FD /* Assets.xcassets */ = {isa = PBXFileReference; lastKnownFileType = folder.assetcatalog; path = Assets.xcassets; sourceTree = "<group>"; };
		DF7D9B1D27D4BB970045D3FD /* Base */ = {isa = PBXFileReference; lastKnownFileType = file.storyboard; name = Base; path = Base.lproj/LaunchScreen.storyboard; sourceTree = "<group>"; };
		DF7D9B1F27D4BB970045D3FD /* Info.plist */ = {isa = PBXFileReference; lastKnownFileType = text.plist.xml; path = Info.plist; sourceTree = "<group>"; };
		DF7D9B2527D745C40045D3FD /* AddRegistrationTableViewController.swift */ = {isa = PBXFileReference; lastKnownFileType = sourcecode.swift; path = AddRegistrationTableViewController.swift; sourceTree = "<group>"; };
		DF7D9B2727DF3E090045D3FD /* Registration.swift */ = {isa = PBXFileReference; lastKnownFileType = sourcecode.swift; path = Registration.swift; sourceTree = "<group>"; };
		DF7D9B2927DF3ECF0045D3FD /* RoomType.swift */ = {isa = PBXFileReference; lastKnownFileType = sourcecode.swift; path = RoomType.swift; sourceTree = "<group>"; };
		DF7D9B2B27DF40B70045D3FD /* SelectRoomTypeTableViewController.swift */ = {isa = PBXFileReference; lastKnownFileType = sourcecode.swift; path = SelectRoomTypeTableViewController.swift; sourceTree = "<group>"; };
		DF7D9B2D27E088470045D3FD /* RegistrationTableViewController.swift */ = {isa = PBXFileReference; lastKnownFileType = sourcecode.swift; path = RegistrationTableViewController.swift; sourceTree = "<group>"; };
/* End PBXFileReference section */

/* Begin PBXFrameworksBuildPhase section */
		DF7D9B0B27D4BB960045D3FD /* Frameworks */ = {
			isa = PBXFrameworksBuildPhase;
			buildActionMask = 2147483647;
			files = (
			);
			runOnlyForDeploymentPostprocessing = 0;
		};
/* End PBXFrameworksBuildPhase section */

/* Begin PBXGroup section */
		DF7D9B0527D4BB960045D3FD = {
			isa = PBXGroup;
			children = (
				DF7D9B1027D4BB960045D3FD /* HotelManzana-Lab */,
				DF7D9B0F27D4BB960045D3FD /* Products */,
			);
			sourceTree = "<group>";
		};
		DF7D9B0F27D4BB960045D3FD /* Products */ = {
			isa = PBXGroup;
			children = (
				DF7D9B0E27D4BB960045D3FD /* HotelManzana-Lab.app */,
			);
			name = Products;
			sourceTree = "<group>";
		};
		DF7D9B1027D4BB960045D3FD /* HotelManzana-Lab */ = {
			isa = PBXGroup;
			children = (
				DF7D9B1127D4BB960045D3FD /* AppDelegate.swift */,
				DF7D9B1327D4BB960045D3FD /* SceneDelegate.swift */,
				DF7D9B2727DF3E090045D3FD /* Registration.swift */,
				DF7D9B2927DF3ECF0045D3FD /* RoomType.swift */,
				DF7D9B2527D745C40045D3FD /* AddRegistrationTableViewController.swift */,
				DF7D9B2B27DF40B70045D3FD /* SelectRoomTypeTableViewController.swift */,
				DF7D9B2D27E088470045D3FD /* RegistrationTableViewController.swift */,
				DF1396D527E1E14D00A3CAB0 /* DetailsRegistrationViewController.swift */,
				DF7D9B1727D4BB960045D3FD /* Main.storyboard */,
				DF7D9B1A27D4BB970045D3FD /* Assets.xcassets */,
				DF7D9B1C27D4BB970045D3FD /* LaunchScreen.storyboard */,
				DF7D9B1F27D4BB970045D3FD /* Info.plist */,
			);
			path = "HotelManzana-Lab";
			sourceTree = "<group>";
		};
/* End PBXGroup section */

/* Begin PBXNativeTarget section */
		DF7D9B0D27D4BB960045D3FD /* HotelManzana-Lab */ = {
			isa = PBXNativeTarget;
			buildConfigurationList = DF7D9B2227D4BB970045D3FD /* Build configuration list for PBXNativeTarget "HotelManzana-Lab" */;
			buildPhases = (
				DF7D9B0A27D4BB960045D3FD /* Sources */,
				DF7D9B0B27D4BB960045D3FD /* Frameworks */,
				DF7D9B0C27D4BB960045D3FD /* Resources */,
			);
			buildRules = (
			);
			dependencies = (
			);
			name = "HotelManzana-Lab";
			productName = "HotelManzana-Lab";
			productReference = DF7D9B0E27D4BB960045D3FD /* HotelManzana-Lab.app */;
			productType = "com.apple.product-type.application";
		};
/* End PBXNativeTarget section */

/* Begin PBXProject section */
		DF7D9B0627D4BB960045D3FD /* Project object */ = {
			isa = PBXProject;
			attributes = {
				BuildIndependentTargetsInParallel = 1;
				LastSwiftUpdateCheck = 1320;
				LastUpgradeCheck = 1320;
				TargetAttributes = {
					DF7D9B0D27D4BB960045D3FD = {
						CreatedOnToolsVersion = 13.2.1;
					};
				};
			};
			buildConfigurationList = DF7D9B0927D4BB960045D3FD /* Build configuration list for PBXProject "HotelManzana-Lab" */;
			compatibilityVersion = "Xcode 13.0";
			developmentRegion = en;
			hasScannedForEncodings = 0;
			knownRegions = (
				en,
				Base,
			);
			mainGroup = DF7D9B0527D4BB960045D3FD;
			productRefGroup = DF7D9B0F27D4BB960045D3FD /* Products */;
			projectDirPath = "";
			projectRoot = "";
			targets = (
				DF7D9B0D27D4BB960045D3FD /* HotelManzana-Lab */,
			);
		};
/* End PBXProject section */

/* Begin PBXResourcesBuildPhase section */
		DF7D9B0C27D4BB960045D3FD /* Resources */ = {
			isa = PBXResourcesBuildPhase;
			buildActionMask = 2147483647;
			files = (
				DF7D9B1E27D4BB970045D3FD /* LaunchScreen.storyboard in Resources */,
				DF7D9B1B27D4BB970045D3FD /* Assets.xcassets in Resources */,
				DF7D9B1927D4BB960045D3FD /* Main.storyboard in Resources */,
			);
			runOnlyForDeploymentPostprocessing = 0;
		};
/* End PBXResourcesBuildPhase section */

/* Begin PBXSourcesBuildPhase section */
		DF7D9B0A27D4BB960045D3FD /* Sources */ = {
			isa = PBXSourcesBuildPhase;
			buildActionMask = 2147483647;
			files = (
				DF7D9B2C27DF40B70045D3FD /* SelectRoomTypeTableViewController.swift in Sources */,
				DF7D9B2827DF3E090045D3FD /* Registration.swift in Sources */,
				DF1396D627E1E14D00A3CAB0 /* DetailsRegistrationViewController.swift in Sources */,
				DF7D9B2627D745C40045D3FD /* AddRegistrationTableViewController.swift in Sources */,
				DF7D9B2A27DF3ECF0045D3FD /* RoomType.swift in Sources */,
				DF7D9B1227D4BB960045D3FD /* AppDelegate.swift in Sources */,
				DF7D9B1427D4BB960045D3FD /* SceneDelegate.swift in Sources */,
				DF7D9B2E27E088470045D3FD /* RegistrationTableViewController.swift in Sources */,
			);
			runOnlyForDeploymentPostprocessing = 0;
		};
/* End PBXSourcesBuildPhase section */

/* Begin PBXVariantGroup section */
		DF7D9B1727D4BB960045D3FD /* Main.storyboard */ = {
			isa = PBXVariantGroup;
			children = (
				DF7D9B1827D4BB960045D3FD /* Base */,
			);
			name = Main.storyboard;
			sourceTree = "<group>";
		};
		DF7D9B1C27D4BB970045D3FD /* LaunchScreen.storyboard */ = {
			isa = PBXVariantGroup;
			children = (
				DF7D9B1D27D4BB970045D3FD /* Base */,
			);
			name = LaunchScreen.storyboard;
			sourceTree = "<group>";
		};
/* End PBXVariantGroup section */

/* Begin XCBuildConfiguration section */
		DF7D9B2027D4BB970045D3FD /* Debug */ = {
			isa = XCBuildConfiguration;
			buildSettings = {
				ALWAYS_SEARCH_USER_PATHS = NO;
				CLANG_ANALYZER_NONNULL = YES;
				CLANG_ANALYZER_NUMBER_OBJECT_CONVERSION = YES_AGGRESSIVE;
				CLANG_CXX_LANGUAGE_STANDARD = "gnu++17";
				CLANG_CXX_LIBRARY = "libc++";
				CLANG_ENABLE_MODULES = YES;
				CLANG_ENABLE_OBJC_ARC = YES;
				CLANG_ENABLE_OBJC_WEAK = YES;
				CLANG_WARN_BLOCK_CAPTURE_AUTORELEASING = YES;
				CLANG_WARN_BOOL_CONVERSION = YES;
				CLANG_WARN_COMMA = YES;
				CLANG_WARN_CONSTANT_CONVERSION = YES;
				CLANG_WARN_DEPRECATED_OBJC_IMPLEMENTATIONS = YES;
				CLANG_WARN_DIRECT_OBJC_ISA_USAGE = YES_ERROR;
				CLANG_WARN_DOCUMENTATION_COMMENTS = YES;
				CLANG_WARN_EMPTY_BODY = YES;
				CLANG_WARN_ENUM_CONVERSION = YES;
				CLANG_WARN_INFINITE_RECURSION = YES;
				CLANG_WARN_INT_CONVERSION = YES;
				CLANG_WARN_NON_LITERAL_NULL_CONVERSION = YES;
				CLANG_WARN_OBJC_IMPLICIT_RETAIN_SELF = YES;
				CLANG_WARN_OBJC_LITERAL_CONVERSION = YES;
				CLANG_WARN_OBJC_ROOT_CLASS = YES_ERROR;
				CLANG_WARN_QUOTED_INCLUDE_IN_FRAMEWORK_HEADER = YES;
				CLANG_WARN_RANGE_LOOP_ANALYSIS = YES;
				CLANG_WARN_STRICT_PROTOTYPES = YES;
				CLANG_WARN_SUSPICIOUS_MOVE = YES;
				CLANG_WARN_UNGUARDED_AVAILABILITY = YES_AGGRESSIVE;
				CLANG_WARN_UNREACHABLE_CODE = YES;
				CLANG_WARN__DUPLICATE_METHOD_MATCH = YES;
				COPY_PHASE_STRIP = NO;
				DEBUG_INFORMATION_FORMAT = dwarf;
				ENABLE_STRICT_OBJC_MSGSEND = YES;
				ENABLE_TESTABILITY = YES;
				GCC_C_LANGUAGE_STANDARD = gnu11;
				GCC_DYNAMIC_NO_PIC = NO;
				GCC_NO_COMMON_BLOCKS = YES;
				GCC_OPTIMIZATION_LEVEL = 0;
				GCC_PREPROCESSOR_DEFINITIONS = (
					"DEBUG=1",
					"$(inherited)",
				);
				GCC_WARN_64_TO_32_BIT_CONVERSION = YES;
				GCC_WARN_ABOUT_RETURN_TYPE = YES_ERROR;
				GCC_WARN_UNDECLARED_SELECTOR = YES;
				GCC_WARN_UNINITIALIZED_AUTOS = YES_AGGRESSIVE;
				GCC_WARN_UNUSED_FUNCTION = YES;
				GCC_WARN_UNUSED_VARIABLE = YES;
				IPHONEOS_DEPLOYMENT_TARGET = 15.2;
				MTL_ENABLE_DEBUG_INFO = INCLUDE_SOURCE;
				MTL_FAST_MATH = YES;
				ONLY_ACTIVE_ARCH = YES;
				SDKROOT = iphoneos;
				SWIFT_ACTIVE_COMPILATION_CONDITIONS = DEBUG;
				SWIFT_OPTIMIZATION_LEVEL = "-Onone";
			};
			name = Debug;
		};
		DF7D9B2127D4BB970045D3FD /* Release */ = {
			isa = XCBuildConfiguration;
			buildSettings = {
				ALWAYS_SEARCH_USER_PATHS = NO;
				CLANG_ANALYZER_NONNULL = YES;
				CLANG_ANALYZER_NUMBER_OBJECT_CONVERSION = YES_AGGRESSIVE;
				CLANG_CXX_LANGUAGE_STANDARD = "gnu++17";
				CLANG_CXX_LIBRARY = "libc++";
				CLANG_ENABLE_MODULES = YES;
				CLANG_ENABLE_OBJC_ARC = YES;
				CLANG_ENABLE_OBJC_WEAK = YES;
				CLANG_WARN_BLOCK_CAPTURE_AUTORELEASING = YES;
				CLANG_WARN_BOOL_CONVERSION = YES;
				CLANG_WARN_COMMA = YES;
				CLANG_WARN_CONSTANT_CONVERSION = YES;
				CLANG_WARN_DEPRECATED_OBJC_IMPLEMENTATIONS = YES;
				CLANG_WARN_DIRECT_OBJC_ISA_USAGE = YES_ERROR;
				CLANG_WARN_DOCUMENTATION_COMMENTS = YES;
				CLANG_WARN_EMPTY_BODY = YES;
				CLANG_WARN_ENUM_CONVERSION = YES;
				CLANG_WARN_INFINITE_RECURSION = YES;
				CLANG_WARN_INT_CONVERSION = YES;
				CLANG_WARN_NON_LITERAL_NULL_CONVERSION = YES;
				CLANG_WARN_OBJC_IMPLICIT_RETAIN_SELF = YES;
				CLANG_WARN_OBJC_LITERAL_CONVERSION = YES;
				CLANG_WARN_OBJC_ROOT_CLASS = YES_ERROR;
				CLANG_WARN_QUOTED_INCLUDE_IN_FRAMEWORK_HEADER = YES;
				CLANG_WARN_RANGE_LOOP_ANALYSIS = YES;
				CLANG_WARN_STRICT_PROTOTYPES = YES;
				CLANG_WARN_SUSPICIOUS_MOVE = YES;
				CLANG_WARN_UNGUARDED_AVAILABILITY = YES_AGGRESSIVE;
				CLANG_WARN_UNREACHABLE_CODE = YES;
				CLANG_WARN__DUPLICATE_METHOD_MATCH = YES;
				COPY_PHASE_STRIP = NO;
				DEBUG_INFORMATION_FORMAT = "dwarf-with-dsym";
				ENABLE_NS_ASSERTIONS = NO;
				ENABLE_STRICT_OBJC_MSGSEND = YES;
				GCC_C_LANGUAGE_STANDARD = gnu11;
				GCC_NO_COMMON_BLOCKS = YES;
				GCC_WARN_64_TO_32_BIT_CONVERSION = YES;
				GCC_WARN_ABOUT_RETURN_TYPE = YES_ERROR;
				GCC_WARN_UNDECLARED_SELECTOR = YES;
				GCC_WARN_UNINITIALIZED_AUTOS = YES_AGGRESSIVE;
				GCC_WARN_UNUSED_FUNCTION = YES;
				GCC_WARN_UNUSED_VARIABLE = YES;
				IPHONEOS_DEPLOYMENT_TARGET = 15.2;
				MTL_ENABLE_DEBUG_INFO = NO;
				MTL_FAST_MATH = YES;
				SDKROOT = iphoneos;
				SWIFT_COMPILATION_MODE = wholemodule;
				SWIFT_OPTIMIZATION_LEVEL = "-O";
				VALIDATE_PRODUCT = YES;
			};
			name = Release;
		};
		DF7D9B2327D4BB970045D3FD /* Debug */ = {
			isa = XCBuildConfiguration;
			buildSettings = {
				ASSETCATALOG_COMPILER_APPICON_NAME = AppIcon;
				ASSETCATALOG_COMPILER_GLOBAL_ACCENT_COLOR_NAME = AccentColor;
				CODE_SIGN_STYLE = Automatic;
				CURRENT_PROJECT_VERSION = 1;
				DEVELOPMENT_TEAM = ZY9DNBTZ6S;
				GENERATE_INFOPLIST_FILE = YES;
				INFOPLIST_FILE = "HotelManzana-Lab/Info.plist";
				INFOPLIST_KEY_UIApplicationSupportsIndirectInputEvents = YES;
				INFOPLIST_KEY_UILaunchStoryboardName = LaunchScreen;
				INFOPLIST_KEY_UIMainStoryboardFile = Main;
				INFOPLIST_KEY_UISupportedInterfaceOrientations = UIInterfaceOrientationPortrait;
				INFOPLIST_KEY_UISupportedInterfaceOrientations_iPad = "UIInterfaceOrientationPortrait UIInterfaceOrientationPortraitUpsideDown UIInterfaceOrientationLandscapeLeft UIInterfaceOrientationLandscapeRight";
				INFOPLIST_KEY_UISupportedInterfaceOrientations_iPhone = "UIInterfaceOrientationPortrait UIInterfaceOrientationLandscapeLeft UIInterfaceOrientationLandscapeRight";
				IPHONEOS_DEPLOYMENT_TARGET = 14.0;
				LD_RUNPATH_SEARCH_PATHS = (
					"$(inherited)",
					"@executable_path/Frameworks",
				);
				MARKETING_VERSION = 1.0;
				PRODUCT_BUNDLE_IDENTIFIER = "com.jadson.HotelManzana-Lab";
				PRODUCT_NAME = "$(TARGET_NAME)";
				SWIFT_EMIT_LOC_STRINGS = YES;
				SWIFT_VERSION = 5.0;
				TARGETED_DEVICE_FAMILY = "1,2";
			};
			name = Debug;
		};
		DF7D9B2427D4BB970045D3FD /* Release */ = {
			isa = XCBuildConfiguration;
			buildSettings = {
				ASSETCATALOG_COMPILER_APPICON_NAME = AppIcon;
				ASSETCATALOG_COMPILER_GLOBAL_ACCENT_COLOR_NAME = AccentColor;
				CODE_SIGN_STYLE = Automatic;
				CURRENT_PROJECT_VERSION = 1;
				DEVELOPMENT_TEAM = ZY9DNBTZ6S;
				GENERATE_INFOPLIST_FILE = YES;
				INFOPLIST_FILE = "HotelManzana-Lab/Info.plist";
				INFOPLIST_KEY_UIApplicationSupportsIndirectInputEvents = YES;
				INFOPLIST_KEY_UILaunchStoryboardName = LaunchScreen;
				INFOPLIST_KEY_UIMainStoryboardFile = Main;
				INFOPLIST_KEY_UISupportedInterfaceOrientations = UIInterfaceOrientationPortrait;
				INFOPLIST_KEY_UISupportedInterfaceOrientations_iPad = "UIInterfaceOrientationPortrait UIInterfaceOrientationPortraitUpsideDown UIInterfaceOrientationLandscapeLeft UIInterfaceOrientationLandscapeRight";
				INFOPLIST_KEY_UISupportedInterfaceOrientations_iPhone = "UIInterfaceOrientationPortrait UIInterfaceOrientationLandscapeLeft UIInterfaceOrientationLandscapeRight";
				IPHONEOS_DEPLOYMENT_TARGET = 14.0;
				LD_RUNPATH_SEARCH_PATHS = (
					"$(inherited)",
					"@executable_path/Frameworks",
				);
				MARKETING_VERSION = 1.0;
				PRODUCT_BUNDLE_IDENTIFIER = "com.jadson.HotelManzana-Lab";
				PRODUCT_NAME = "$(TARGET_NAME)";
				SWIFT_EMIT_LOC_STRINGS = YES;
				SWIFT_VERSION = 5.0;
				TARGETED_DEVICE_FAMILY = "1,2";
			};
			name = Release;
		};
/* End XCBuildConfiguration section */

/* Begin XCConfigurationList section */
		DF7D9B0927D4BB960045D3FD /* Build configuration list for PBXProject "HotelManzana-Lab" */ = {
			isa = XCConfigurationList;
			buildConfigurations = (
				DF7D9B2027D4BB970045D3FD /* Debug */,
				DF7D9B2127D4BB970045D3FD /* Release */,
			);
			defaultConfigurationIsVisible = 0;
			defaultConfigurationName = Release;
		};
		DF7D9B2227D4BB970045D3FD /* Build configuration list for PBXNativeTarget "HotelManzana-Lab" */ = {
			isa = XCConfigurationList;
			buildConfigurations = (
				DF7D9B2327D4BB970045D3FD /* Debug */,
				DF7D9B2427D4BB970045D3FD /* Release */,
			);
			defaultConfigurationIsVisible = 0;
			defaultConfigurationName = Release;
		};
/* End XCConfigurationList section */
	};
	rootObject = DF7D9B0627D4BB960045D3FD /* Project object */;
}
